
Microsoft Visual Studio Solution File, Format Version 12.00
# Visual Studio Version 17
VisualStudioVersion = 17.7.34202.233
MinimumVisualStudioVersion = 10.0.40219.1
Project("{9A19103F-16F7-4668-BE54-9A1E7A4F7556}") = "MeetingApp", "MeetingApp\MeetingApp.csproj", "{CFDCFDC2-7E6E-490A-806A-A7C988BE3C38}"
EndProject
Global
	GlobalSection(SolutionConfigurationPlatforms) = preSolution
		Debug|Any CPU = Debug|Any CPU
		Release|Any CPU = Release|Any CPU
	EndGlobalSection
	GlobalSection(ProjectConfigurationPlatforms) = postSolution
		{CFDCFDC2-7E6E-490A-806A-A7C988BE3C38}.Debug|Any CPU.ActiveCfg = Debug|Any CPU
		{CFDCFDC2-7E6E-490A-806A-A7C988BE3C38}.Debug|Any CPU.Build.0 = Debug|Any CPU
		{CFDCFDC2-7E6E-490A-806A-A7C988BE3C38}.Release|Any CPU.ActiveCfg = Release|Any CPU
		{CFDCFDC2-7E6E-490A-806A-A7C988BE3C38}.Release|Any CPU.Build.0 = Release|Any CPU
	EndGlobalSection
	GlobalSection(SolutionProperties) = preSolution
		HideSolutionNode = FALSE
	EndGlobalSection
	GlobalSection(ExtensibilityGlobals) = postSolution
		SolutionGuid = {6ED1A263-13E6-4131-A443-8896BEADE090}
	EndGlobalSection
EndGlobal
